
Microsoft Visual Studio Solution File, Format Version 12.00
# Visual Studio 15
VisualStudioVersion = 15.0.27130.2027
MinimumVisualStudioVersion = 10.0.40219.1
Project("{FAE04EC0-301F-11D3-BF4B-00C04F79EFBC}") = "week2_assignment", "week2_assignment\week2_assignment.csproj", "{CDC10912-29BE-4D78-95AC-0D0BBBE9F613}"
EndProject
Global
	GlobalSection(SolutionConfigurationPlatforms) = preSolution
		Debug|Any CPU = Debug|Any CPU
		Release|Any CPU = Release|Any CPU
	EndGlobalSection
	GlobalSection(ProjectConfigurationPlatforms) = postSolution
		{CDC10912-29BE-4D78-95AC-0D0BBBE9F613}.Debug|Any CPU.ActiveCfg = Debug|Any CPU
		{CDC10912-29BE-4D78-95AC-0D0BBBE9F613}.Debug|Any CPU.Build.0 = Debug|Any CPU
		{CDC10912-29BE-4D78-95AC-0D0BBBE9F613}.Release|Any CPU.ActiveCfg = Release|Any CPU
		{CDC10912-29BE-4D78-95AC-0D0BBBE9F613}.Release|Any CPU.Build.0 = Release|Any CPU
	EndGlobalSection
	GlobalSection(SolutionProperties) = preSolution
		HideSolutionNode = FALSE
	EndGlobalSection
	GlobalSection(ExtensibilityGlobals) = postSolution
		SolutionGuid = {F7E66190-C815-4982-B817-EE347895B5DF}
	EndGlobalSection
EndGlobal
