
Microsoft Visual Studio Solution File, Format Version 12.00
# Visual Studio 15
VisualStudioVersion = 15.0.26430.14
MinimumVisualStudioVersion = 10.0.40219.1
Project("{FAE04EC0-301F-11D3-BF4B-00C04F79EFBC}") = "5.2", "5.2\5.2.csproj", "{B64FD5B0-4F99-4DA3-9CA6-00CB2F1271E7}"
EndProject
Project("{FAE04EC0-301F-11D3-BF4B-00C04F79EFBC}") = "5.1", "5.1\5.1.csproj", "{AB796481-2980-4507-A187-A55C04BCDA64}"
EndProject
Project("{FAE04EC0-301F-11D3-BF4B-00C04F79EFBC}") = "5.5", "5.5\5.5.csproj", "{37E0A831-3D8B-48B6-B24C-C421924B4C84}"
EndProject
Project("{FAE04EC0-301F-11D3-BF4B-00C04F79EFBC}") = "5.4", "5.4\5.4.csproj", "{83A847D4-3DB8-4A4A-8439-33E770CE2632}"
EndProject
Global
	GlobalSection(SolutionConfigurationPlatforms) = preSolution
		Debug|Any CPU = Debug|Any CPU
		Debug|x86 = Debug|x86
		Release|Any CPU = Release|Any CPU
		Release|x86 = Release|x86
	EndGlobalSection
	GlobalSection(ProjectConfigurationPlatforms) = postSolution
		{B64FD5B0-4F99-4DA3-9CA6-00CB2F1271E7}.Debug|Any CPU.ActiveCfg = Debug|Any CPU
		{B64FD5B0-4F99-4DA3-9CA6-00CB2F1271E7}.Debug|Any CPU.Build.0 = Debug|Any CPU
		{B64FD5B0-4F99-4DA3-9CA6-00CB2F1271E7}.Debug|x86.ActiveCfg = Debug|Any CPU
		{B64FD5B0-4F99-4DA3-9CA6-00CB2F1271E7}.Debug|x86.Build.0 = Debug|Any CPU
		{B64FD5B0-4F99-4DA3-9CA6-00CB2F1271E7}.Release|Any CPU.ActiveCfg = Release|Any CPU
		{B64FD5B0-4F99-4DA3-9CA6-00CB2F1271E7}.Release|Any CPU.Build.0 = Release|Any CPU
		{B64FD5B0-4F99-4DA3-9CA6-00CB2F1271E7}.Release|x86.ActiveCfg = Release|Any CPU
		{B64FD5B0-4F99-4DA3-9CA6-00CB2F1271E7}.Release|x86.Build.0 = Release|Any CPU
		{AB796481-2980-4507-A187-A55C04BCDA64}.Debug|Any CPU.ActiveCfg = Debug|Any CPU
		{AB796481-2980-4507-A187-A55C04BCDA64}.Debug|Any CPU.Build.0 = Debug|Any CPU
		{AB796481-2980-4507-A187-A55C04BCDA64}.Debug|x86.ActiveCfg = Debug|Any CPU
		{AB796481-2980-4507-A187-A55C04BCDA64}.Debug|x86.Build.0 = Debug|Any CPU
		{AB796481-2980-4507-A187-A55C04BCDA64}.Release|Any CPU.ActiveCfg = Release|Any CPU
		{AB796481-2980-4507-A187-A55C04BCDA64}.Release|Any CPU.Build.0 = Release|Any CPU
		{AB796481-2980-4507-A187-A55C04BCDA64}.Release|x86.ActiveCfg = Release|Any CPU
		{AB796481-2980-4507-A187-A55C04BCDA64}.Release|x86.Build.0 = Release|Any CPU
		{37E0A831-3D8B-48B6-B24C-C421924B4C84}.Debug|Any CPU.ActiveCfg = Debug|Any CPU
		{37E0A831-3D8B-48B6-B24C-C421924B4C84}.Debug|Any CPU.Build.0 = Debug|Any CPU
		{37E0A831-3D8B-48B6-B24C-C421924B4C84}.Debug|x86.ActiveCfg = Debug|Any CPU
		{37E0A831-3D8B-48B6-B24C-C421924B4C84}.Debug|x86.Build.0 = Debug|Any CPU
		{37E0A831-3D8B-48B6-B24C-C421924B4C84}.Release|Any CPU.ActiveCfg = Release|Any CPU
		{37E0A831-3D8B-48B6-B24C-C421924B4C84}.Release|Any CPU.Build.0 = Release|Any CPU
		{37E0A831-3D8B-48B6-B24C-C421924B4C84}.Release|x86.ActiveCfg = Release|Any CPU
		{37E0A831-3D8B-48B6-B24C-C421924B4C84}.Release|x86.Build.0 = Release|Any CPU
		{83A847D4-3DB8-4A4A-8439-33E770CE2632}.Debug|Any CPU.ActiveCfg = Debug|Any CPU
		{83A847D4-3DB8-4A4A-8439-33E770CE2632}.Debug|Any CPU.Build.0 = Debug|Any CPU
		{83A847D4-3DB8-4A4A-8439-33E770CE2632}.Debug|x86.ActiveCfg = Debug|Any CPU
		{83A847D4-3DB8-4A4A-8439-33E770CE2632}.Debug|x86.Build.0 = Debug|Any CPU
		{83A847D4-3DB8-4A4A-8439-33E770CE2632}.Release|Any CPU.ActiveCfg = Release|Any CPU
		{83A847D4-3DB8-4A4A-8439-33E770CE2632}.Release|Any CPU.Build.0 = Release|Any CPU
		{83A847D4-3DB8-4A4A-8439-33E770CE2632}.Release|x86.ActiveCfg = Release|Any CPU
		{83A847D4-3DB8-4A4A-8439-33E770CE2632}.Release|x86.Build.0 = Release|Any CPU
	EndGlobalSection
	GlobalSection(SolutionProperties) = preSolution
		HideSolutionNode = FALSE
	EndGlobalSection
EndGlobal
