
Microsoft Visual Studio Solution File, Format Version 12.00
# Visual Studio 15
VisualStudioVersion = 15.0.26430.14
MinimumVisualStudioVersion = 10.0.40219.1
Project("{FAE04EC0-301F-11D3-BF4B-00C04F79EFBC}") = "2.1", "2.1\2.1.csproj", "{899B4087-79C8-4E8A-8047-F9A3FEB3256E}"
EndProject
Project("{FAE04EC0-301F-11D3-BF4B-00C04F79EFBC}") = "2.2", "2.2\2.2.csproj", "{C0055311-D212-4BF8-9ECE-C39EDD1CCF0A}"
EndProject
Project("{FAE04EC0-301F-11D3-BF4B-00C04F79EFBC}") = "2.3", "2.3\2.3.csproj", "{EFBDDF0C-6CD3-460C-B583-F1E3ADB2D730}"
EndProject
Project("{FAE04EC0-301F-11D3-BF4B-00C04F79EFBC}") = "2.4", "2.4\2.4.csproj", "{5EC113D3-FDC4-4B68-8B57-F6F7AF5F6C2A}"
EndProject
Project("{FAE04EC0-301F-11D3-BF4B-00C04F79EFBC}") = "2.6", "2.6\2.6.csproj", "{CBCA6007-9A7F-4649-A68B-10182E627C38}"
EndProject
Project("{FAE04EC0-301F-11D3-BF4B-00C04F79EFBC}") = "2.7", "2.7\2.7.csproj", "{38AB8DF7-8E60-454C-883E-07C66C20305F}"
EndProject
Project("{FAE04EC0-301F-11D3-BF4B-00C04F79EFBC}") = "2.8", "2.8\2.8.csproj", "{CE4FD65C-515B-4B8C-AEC9-18FEF77BAFBF}"
EndProject
Global
	GlobalSection(SolutionConfigurationPlatforms) = preSolution
		Debug|Any CPU = Debug|Any CPU
		Release|Any CPU = Release|Any CPU
	EndGlobalSection
	GlobalSection(ProjectConfigurationPlatforms) = postSolution
		{899B4087-79C8-4E8A-8047-F9A3FEB3256E}.Debug|Any CPU.ActiveCfg = Debug|Any CPU
		{899B4087-79C8-4E8A-8047-F9A3FEB3256E}.Debug|Any CPU.Build.0 = Debug|Any CPU
		{899B4087-79C8-4E8A-8047-F9A3FEB3256E}.Release|Any CPU.ActiveCfg = Release|Any CPU
		{899B4087-79C8-4E8A-8047-F9A3FEB3256E}.Release|Any CPU.Build.0 = Release|Any CPU
		{C0055311-D212-4BF8-9ECE-C39EDD1CCF0A}.Debug|Any CPU.ActiveCfg = Debug|Any CPU
		{C0055311-D212-4BF8-9ECE-C39EDD1CCF0A}.Debug|Any CPU.Build.0 = Debug|Any CPU
		{C0055311-D212-4BF8-9ECE-C39EDD1CCF0A}.Release|Any CPU.ActiveCfg = Release|Any CPU
		{C0055311-D212-4BF8-9ECE-C39EDD1CCF0A}.Release|Any CPU.Build.0 = Release|Any CPU
		{EFBDDF0C-6CD3-460C-B583-F1E3ADB2D730}.Debug|Any CPU.ActiveCfg = Debug|Any CPU
		{EFBDDF0C-6CD3-460C-B583-F1E3ADB2D730}.Debug|Any CPU.Build.0 = Debug|Any CPU
		{EFBDDF0C-6CD3-460C-B583-F1E3ADB2D730}.Release|Any CPU.ActiveCfg = Release|Any CPU
		{EFBDDF0C-6CD3-460C-B583-F1E3ADB2D730}.Release|Any CPU.Build.0 = Release|Any CPU
		{5EC113D3-FDC4-4B68-8B57-F6F7AF5F6C2A}.Debug|Any CPU.ActiveCfg = Debug|Any CPU
		{5EC113D3-FDC4-4B68-8B57-F6F7AF5F6C2A}.Debug|Any CPU.Build.0 = Debug|Any CPU
		{5EC113D3-FDC4-4B68-8B57-F6F7AF5F6C2A}.Release|Any CPU.ActiveCfg = Release|Any CPU
		{5EC113D3-FDC4-4B68-8B57-F6F7AF5F6C2A}.Release|Any CPU.Build.0 = Release|Any CPU
		{CBCA6007-9A7F-4649-A68B-10182E627C38}.Debug|Any CPU.ActiveCfg = Debug|Any CPU
		{CBCA6007-9A7F-4649-A68B-10182E627C38}.Debug|Any CPU.Build.0 = Debug|Any CPU
		{CBCA6007-9A7F-4649-A68B-10182E627C38}.Release|Any CPU.ActiveCfg = Release|Any CPU
		{CBCA6007-9A7F-4649-A68B-10182E627C38}.Release|Any CPU.Build.0 = Release|Any CPU
		{38AB8DF7-8E60-454C-883E-07C66C20305F}.Debug|Any CPU.ActiveCfg = Debug|Any CPU
		{38AB8DF7-8E60-454C-883E-07C66C20305F}.Debug|Any CPU.Build.0 = Debug|Any CPU
		{38AB8DF7-8E60-454C-883E-07C66C20305F}.Release|Any CPU.ActiveCfg = Release|Any CPU
		{38AB8DF7-8E60-454C-883E-07C66C20305F}.Release|Any CPU.Build.0 = Release|Any CPU
		{CE4FD65C-515B-4B8C-AEC9-18FEF77BAFBF}.Debug|Any CPU.ActiveCfg = Debug|Any CPU
		{CE4FD65C-515B-4B8C-AEC9-18FEF77BAFBF}.Debug|Any CPU.Build.0 = Debug|Any CPU
		{CE4FD65C-515B-4B8C-AEC9-18FEF77BAFBF}.Release|Any CPU.ActiveCfg = Release|Any CPU
		{CE4FD65C-515B-4B8C-AEC9-18FEF77BAFBF}.Release|Any CPU.Build.0 = Release|Any CPU
	EndGlobalSection
	GlobalSection(SolutionProperties) = preSolution
		HideSolutionNode = FALSE
	EndGlobalSection
EndGlobal
